// !$*UTF8*$!
{
	archiveVersion = 1;
	classes = {
	};
	objectVersion = 56;
	objects = {

/* Begin PBXBuildFile section */
		4040A44C2B02516D00A5EEDD /* Coordinator.swift in Sources */ = {isa = PBXBuildFile; fileRef = 4040A44B2B02516D00A5EEDD /* Coordinator.swift */; };
		4040A44E2B0251A600A5EEDD /* LoginCoordinator.swift in Sources */ = {isa = PBXBuildFile; fileRef = 4040A44D2B0251A600A5EEDD /* LoginCoordinator.swift */; };
		4040A4502B02520F00A5EEDD /* LoginViewController.swift in Sources */ = {isa = PBXBuildFile; fileRef = 4040A44F2B02520F00A5EEDD /* LoginViewController.swift */; };
		4040A4532B02548600A5EEDD /* LoginView.swift in Sources */ = {isa = PBXBuildFile; fileRef = 4040A4522B02548600A5EEDD /* LoginView.swift */; };
		4040A4562B0268AD00A5EEDD /* Color+.swift in Sources */ = {isa = PBXBuildFile; fileRef = 4040A4552B0268AD00A5EEDD /* Color+.swift */; };
		4040A4592B07A59E00A5EEDD /* ImageDefault.swift in Sources */ = {isa = PBXBuildFile; fileRef = 4040A4582B07A59E00A5EEDD /* ImageDefault.swift */; };
		4040A45B2B07AA7F00A5EEDD /* LabelDefault.swift in Sources */ = {isa = PBXBuildFile; fileRef = 4040A45A2B07AA7F00A5EEDD /* LabelDefault.swift */; };
		4040A45D2B07AF8800A5EEDD /* TextFieldDefaut.swift in Sources */ = {isa = PBXBuildFile; fileRef = 4040A45C2B07AF8800A5EEDD /* TextFieldDefaut.swift */; };
		4040A45F2B07B2E800A5EEDD /* ButtonDefault.swift in Sources */ = {isa = PBXBuildFile; fileRef = 4040A45E2B07B2E800A5EEDD /* ButtonDefault.swift */; };
		4040A4622B0B830D00A5EEDD /* RegisterView.swift in Sources */ = {isa = PBXBuildFile; fileRef = 4040A4612B0B830D00A5EEDD /* RegisterView.swift */; };
		4040A4642B0B832400A5EEDD /* RegisterViewControler.swift in Sources */ = {isa = PBXBuildFile; fileRef = 4040A4632B0B832400A5EEDD /* RegisterViewControler.swift */; };
		4040A4662B0B889900A5EEDD /* RegisterCoordinator.swift in Sources */ = {isa = PBXBuildFile; fileRef = 4040A4652B0B889900A5EEDD /* RegisterCoordinator.swift */; };
		409DEA212AFBC1D200B87D27 /* AppDelegate.swift in Sources */ = {isa = PBXBuildFile; fileRef = 409DEA202AFBC1D200B87D27 /* AppDelegate.swift */; };
		409DEA232AFBC1D200B87D27 /* SceneDelegate.swift in Sources */ = {isa = PBXBuildFile; fileRef = 409DEA222AFBC1D200B87D27 /* SceneDelegate.swift */; };
		409DEA252AFBC1D200B87D27 /* ViewController.swift in Sources */ = {isa = PBXBuildFile; fileRef = 409DEA242AFBC1D200B87D27 /* ViewController.swift */; };
		409DEA282AFBC1D200B87D27 /* Main.storyboard in Resources */ = {isa = PBXBuildFile; fileRef = 409DEA262AFBC1D200B87D27 /* Main.storyboard */; };
		409DEA2A2AFBC1D400B87D27 /* Assets.xcassets in Resources */ = {isa = PBXBuildFile; fileRef = 409DEA292AFBC1D400B87D27 /* Assets.xcassets */; };
		409DEA2D2AFBC1D400B87D27 /* LaunchScreen.storyboard in Resources */ = {isa = PBXBuildFile; fileRef = 409DEA2B2AFBC1D400B87D27 /* LaunchScreen.storyboard */; };
/* End PBXBuildFile section */

/* Begin PBXFileReference section */
		4040A44B2B02516D00A5EEDD /* Coordinator.swift */ = {isa = PBXFileReference; lastKnownFileType = sourcecode.swift; path = Coordinator.swift; sourceTree = "<group>"; };
		4040A44D2B0251A600A5EEDD /* LoginCoordinator.swift */ = {isa = PBXFileReference; lastKnownFileType = sourcecode.swift; path = LoginCoordinator.swift; sourceTree = "<group>"; };
		4040A44F2B02520F00A5EEDD /* LoginViewController.swift */ = {isa = PBXFileReference; lastKnownFileType = sourcecode.swift; path = LoginViewController.swift; sourceTree = "<group>"; };
		4040A4522B02548600A5EEDD /* LoginView.swift */ = {isa = PBXFileReference; lastKnownFileType = sourcecode.swift; path = LoginView.swift; sourceTree = "<group>"; };
		4040A4552B0268AD00A5EEDD /* Color+.swift */ = {isa = PBXFileReference; lastKnownFileType = sourcecode.swift; path = "Color+.swift"; sourceTree = "<group>"; };
		4040A4582B07A59E00A5EEDD /* ImageDefault.swift */ = {isa = PBXFileReference; lastKnownFileType = sourcecode.swift; path = ImageDefault.swift; sourceTree = "<group>"; };
		4040A45A2B07AA7F00A5EEDD /* LabelDefault.swift */ = {isa = PBXFileReference; lastKnownFileType = sourcecode.swift; path = LabelDefault.swift; sourceTree = "<group>"; };
		4040A45C2B07AF8800A5EEDD /* TextFieldDefaut.swift */ = {isa = PBXFileReference; lastKnownFileType = sourcecode.swift; path = TextFieldDefaut.swift; sourceTree = "<group>"; };
		4040A45E2B07B2E800A5EEDD /* ButtonDefault.swift */ = {isa = PBXFileReference; lastKnownFileType = sourcecode.swift; path = ButtonDefault.swift; sourceTree = "<group>"; };
		4040A4612B0B830D00A5EEDD /* RegisterView.swift */ = {isa = PBXFileReference; lastKnownFileType = sourcecode.swift; path = RegisterView.swift; sourceTree = "<group>"; };
		4040A4632B0B832400A5EEDD /* RegisterViewControler.swift */ = {isa = PBXFileReference; lastKnownFileType = sourcecode.swift; path = RegisterViewControler.swift; sourceTree = "<group>"; };
		4040A4652B0B889900A5EEDD /* RegisterCoordinator.swift */ = {isa = PBXFileReference; lastKnownFileType = sourcecode.swift; path = RegisterCoordinator.swift; sourceTree = "<group>"; };
		409DEA1D2AFBC1D200B87D27 /* appNotifica.app */ = {isa = PBXFileReference; explicitFileType = wrapper.application; includeInIndex = 0; path = appNotifica.app; sourceTree = BUILT_PRODUCTS_DIR; };
		409DEA202AFBC1D200B87D27 /* AppDelegate.swift */ = {isa = PBXFileReference; lastKnownFileType = sourcecode.swift; path = AppDelegate.swift; sourceTree = "<group>"; };
		409DEA222AFBC1D200B87D27 /* SceneDelegate.swift */ = {isa = PBXFileReference; lastKnownFileType = sourcecode.swift; path = SceneDelegate.swift; sourceTree = "<group>"; };
		409DEA242AFBC1D200B87D27 /* ViewController.swift */ = {isa = PBXFileReference; lastKnownFileType = sourcecode.swift; path = ViewController.swift; sourceTree = "<group>"; };
		409DEA272AFBC1D200B87D27 /* Base */ = {isa = PBXFileReference; lastKnownFileType = file.storyboard; name = Base; path = Base.lproj/Main.storyboard; sourceTree = "<group>"; };
		409DEA292AFBC1D400B87D27 /* Assets.xcassets */ = {isa = PBXFileReference; lastKnownFileType = folder.assetcatalog; path = Assets.xcassets; sourceTree = "<group>"; };
		409DEA2C2AFBC1D400B87D27 /* Base */ = {isa = PBXFileReference; lastKnownFileType = file.storyboard; name = Base; path = Base.lproj/LaunchScreen.storyboard; sourceTree = "<group>"; };
		409DEA2E2AFBC1D400B87D27 /* Info.plist */ = {isa = PBXFileReference; lastKnownFileType = text.plist.xml; path = Info.plist; sourceTree = "<group>"; };
/* End PBXFileReference section */

/* Begin PBXFrameworksBuildPhase section */
		409DEA1A2AFBC1D200B87D27 /* Frameworks */ = {
			isa = PBXFrameworksBuildPhase;
			buildActionMask = 2147483647;
			files = (
			);
			runOnlyForDeploymentPostprocessing = 0;
		};
/* End PBXFrameworksBuildPhase section */

/* Begin PBXGroup section */
		4040A4472B0250EC00A5EEDD /* Resource */ = {
			isa = PBXGroup;
			children = (
				409DEA202AFBC1D200B87D27 /* AppDelegate.swift */,
				409DEA222AFBC1D200B87D27 /* SceneDelegate.swift */,
				409DEA242AFBC1D200B87D27 /* ViewController.swift */,
				409DEA262AFBC1D200B87D27 /* Main.storyboard */,
				409DEA292AFBC1D400B87D27 /* Assets.xcassets */,
				409DEA2B2AFBC1D400B87D27 /* LaunchScreen.storyboard */,
			);
			path = Resource;
			sourceTree = "<group>";
		};
		4040A4482B02511000A5EEDD /* Source */ = {
			isa = PBXGroup;
			children = (
				4040A4572B07A51400A5EEDD /* Infrastructure */,
				4040A4542B02689000A5EEDD /* Extensions */,
				4040A44A2B02514000A5EEDD /* Coordinator */,
				4040A4492B02512700A5EEDD /* Controller */,
			);
			path = Source;
			sourceTree = "<group>";
		};
		4040A4492B02512700A5EEDD /* Controller */ = {
			isa = PBXGroup;
			children = (
				4040A4602B0B82EA00A5EEDD /* Register */,
				4040A4512B02546800A5EEDD /* Login */,
			);
			path = Controller;
			sourceTree = "<group>";
		};
		4040A44A2B02514000A5EEDD /* Coordinator */ = {
			isa = PBXGroup;
			children = (
				4040A44B2B02516D00A5EEDD /* Coordinator.swift */,
				4040A44D2B0251A600A5EEDD /* LoginCoordinator.swift */,
				4040A4652B0B889900A5EEDD /* RegisterCoordinator.swift */,
			);
			path = Coordinator;
			sourceTree = "<group>";
		};
		4040A4512B02546800A5EEDD /* Login */ = {
			isa = PBXGroup;
			children = (
				4040A44F2B02520F00A5EEDD /* LoginViewController.swift */,
				4040A4522B02548600A5EEDD /* LoginView.swift */,
			);
			path = Login;
			sourceTree = "<group>";
		};
		4040A4542B02689000A5EEDD /* Extensions */ = {
			isa = PBXGroup;
			children = (
				4040A4552B0268AD00A5EEDD /* Color+.swift */,
			);
			path = Extensions;
			sourceTree = "<group>";
		};
		4040A4572B07A51400A5EEDD /* Infrastructure */ = {
			isa = PBXGroup;
			children = (
				4040A4582B07A59E00A5EEDD /* ImageDefault.swift */,
				4040A45A2B07AA7F00A5EEDD /* LabelDefault.swift */,
				4040A45C2B07AF8800A5EEDD /* TextFieldDefaut.swift */,
				4040A45E2B07B2E800A5EEDD /* ButtonDefault.swift */,
			);
			path = Infrastructure;
			sourceTree = "<group>";
		};
		4040A4602B0B82EA00A5EEDD /* Register */ = {
			isa = PBXGroup;
			children = (
				4040A4612B0B830D00A5EEDD /* RegisterView.swift */,
				4040A4632B0B832400A5EEDD /* RegisterViewControler.swift */,
			);
			path = Register;
			sourceTree = "<group>";
		};
		409DEA142AFBC1D200B87D27 = {
			isa = PBXGroup;
			children = (
				409DEA1F2AFBC1D200B87D27 /* appNotifica */,
				409DEA1E2AFBC1D200B87D27 /* Products */,
			);
			sourceTree = "<group>";
		};
		409DEA1E2AFBC1D200B87D27 /* Products */ = {
			isa = PBXGroup;
			children = (
				409DEA1D2AFBC1D200B87D27 /* appNotifica.app */,
			);
			name = Products;
			sourceTree = "<group>";
		};
		409DEA1F2AFBC1D200B87D27 /* appNotifica */ = {
			isa = PBXGroup;
			children = (
				4040A4482B02511000A5EEDD /* Source */,
				4040A4472B0250EC00A5EEDD /* Resource */,
				409DEA2E2AFBC1D400B87D27 /* Info.plist */,
			);
			path = appNotifica;
			sourceTree = "<group>";
		};
/* End PBXGroup section */

/* Begin PBXNativeTarget section */
		409DEA1C2AFBC1D200B87D27 /* appNotifica */ = {
			isa = PBXNativeTarget;
			buildConfigurationList = 409DEA312AFBC1D400B87D27 /* Build configuration list for PBXNativeTarget "appNotifica" */;
			buildPhases = (
				409DEA192AFBC1D200B87D27 /* Sources */,
				409DEA1A2AFBC1D200B87D27 /* Frameworks */,
				409DEA1B2AFBC1D200B87D27 /* Resources */,
			);
			buildRules = (
			);
			dependencies = (
			);
			name = appNotifica;
			productName = appNotifica;
			productReference = 409DEA1D2AFBC1D200B87D27 /* appNotifica.app */;
			productType = "com.apple.product-type.application";
		};
/* End PBXNativeTarget section */

/* Begin PBXProject section */
		409DEA152AFBC1D200B87D27 /* Project object */ = {
			isa = PBXProject;
			attributes = {
				BuildIndependentTargetsInParallel = 1;
				LastSwiftUpdateCheck = 1500;
				LastUpgradeCheck = 1500;
				TargetAttributes = {
					409DEA1C2AFBC1D200B87D27 = {
						CreatedOnToolsVersion = 15.0;
					};
				};
			};
			buildConfigurationList = 409DEA182AFBC1D200B87D27 /* Build configuration list for PBXProject "appNotifica" */;
			compatibilityVersion = "Xcode 14.0";
			developmentRegion = en;
			hasScannedForEncodings = 0;
			knownRegions = (
				en,
				Base,
			);
			mainGroup = 409DEA142AFBC1D200B87D27;
			productRefGroup = 409DEA1E2AFBC1D200B87D27 /* Products */;
			projectDirPath = "";
			projectRoot = "";
			targets = (
				409DEA1C2AFBC1D200B87D27 /* appNotifica */,
			);
		};
/* End PBXProject section */

/* Begin PBXResourcesBuildPhase section */
		409DEA1B2AFBC1D200B87D27 /* Resources */ = {
			isa = PBXResourcesBuildPhase;
			buildActionMask = 2147483647;
			files = (
				409DEA2D2AFBC1D400B87D27 /* LaunchScreen.storyboard in Resources */,
				409DEA2A2AFBC1D400B87D27 /* Assets.xcassets in Resources */,
				409DEA282AFBC1D200B87D27 /* Main.storyboard in Resources */,
			);
			runOnlyForDeploymentPostprocessing = 0;
		};
/* End PBXResourcesBuildPhase section */

/* Begin PBXSourcesBuildPhase section */
		409DEA192AFBC1D200B87D27 /* Sources */ = {
			isa = PBXSourcesBuildPhase;
			buildActionMask = 2147483647;
			files = (
				4040A4502B02520F00A5EEDD /* LoginViewController.swift in Sources */,
				4040A4532B02548600A5EEDD /* LoginView.swift in Sources */,
				4040A4622B0B830D00A5EEDD /* RegisterView.swift in Sources */,
				4040A44C2B02516D00A5EEDD /* Coordinator.swift in Sources */,
				4040A45D2B07AF8800A5EEDD /* TextFieldDefaut.swift in Sources */,
				409DEA252AFBC1D200B87D27 /* ViewController.swift in Sources */,
				4040A45B2B07AA7F00A5EEDD /* LabelDefault.swift in Sources */,
				4040A44E2B0251A600A5EEDD /* LoginCoordinator.swift in Sources */,
				4040A4642B0B832400A5EEDD /* RegisterViewControler.swift in Sources */,
				4040A45F2B07B2E800A5EEDD /* ButtonDefault.swift in Sources */,
				4040A4592B07A59E00A5EEDD /* ImageDefault.swift in Sources */,
				409DEA212AFBC1D200B87D27 /* AppDelegate.swift in Sources */,
				4040A4562B0268AD00A5EEDD /* Color+.swift in Sources */,
				409DEA232AFBC1D200B87D27 /* SceneDelegate.swift in Sources */,
				4040A4662B0B889900A5EEDD /* RegisterCoordinator.swift in Sources */,
			);
			runOnlyForDeploymentPostprocessing = 0;
		};
/* End PBXSourcesBuildPhase section */

/* Begin PBXVariantGroup section */
		409DEA262AFBC1D200B87D27 /* Main.storyboard */ = {
			isa = PBXVariantGroup;
			children = (
				409DEA272AFBC1D200B87D27 /* Base */,
			);
			name = Main.storyboard;
			sourceTree = "<group>";
		};
		409DEA2B2AFBC1D400B87D27 /* LaunchScreen.storyboard */ = {
			isa = PBXVariantGroup;
			children = (
				409DEA2C2AFBC1D400B87D27 /* Base */,
			);
			name = LaunchScreen.storyboard;
			sourceTree = "<group>";
		};
/* End PBXVariantGroup section */

/* Begin XCBuildConfiguration section */
		409DEA2F2AFBC1D400B87D27 /* Debug */ = {
			isa = XCBuildConfiguration;
			buildSettings = {
				ALWAYS_SEARCH_USER_PATHS = NO;
				ASSETCATALOG_COMPILER_GENERATE_SWIFT_ASSET_SYMBOL_EXTENSIONS = YES;
				CLANG_ANALYZER_NONNULL = YES;
				CLANG_ANALYZER_NUMBER_OBJECT_CONVERSION = YES_AGGRESSIVE;
				CLANG_CXX_LANGUAGE_STANDARD = "gnu++20";
				CLANG_ENABLE_MODULES = YES;
				CLANG_ENABLE_OBJC_ARC = YES;
				CLANG_ENABLE_OBJC_WEAK = YES;
				CLANG_WARN_BLOCK_CAPTURE_AUTORELEASING = YES;
				CLANG_WARN_BOOL_CONVERSION = YES;
				CLANG_WARN_COMMA = YES;
				CLANG_WARN_CONSTANT_CONVERSION = YES;
				CLANG_WARN_DEPRECATED_OBJC_IMPLEMENTATIONS = YES;
				CLANG_WARN_DIRECT_OBJC_ISA_USAGE = YES_ERROR;
				CLANG_WARN_DOCUMENTATION_COMMENTS = YES;
				CLANG_WARN_EMPTY_BODY = YES;
				CLANG_WARN_ENUM_CONVERSION = YES;
				CLANG_WARN_INFINITE_RECURSION = YES;
				CLANG_WARN_INT_CONVERSION = YES;
				CLANG_WARN_NON_LITERAL_NULL_CONVERSION = YES;
				CLANG_WARN_OBJC_IMPLICIT_RETAIN_SELF = YES;
				CLANG_WARN_OBJC_LITERAL_CONVERSION = YES;
				CLANG_WARN_OBJC_ROOT_CLASS = YES_ERROR;
				CLANG_WARN_QUOTED_INCLUDE_IN_FRAMEWORK_HEADER = YES;
				CLANG_WARN_RANGE_LOOP_ANALYSIS = YES;
				CLANG_WARN_STRICT_PROTOTYPES = YES;
				CLANG_WARN_SUSPICIOUS_MOVE = YES;
				CLANG_WARN_UNGUARDED_AVAILABILITY = YES_AGGRESSIVE;
				CLANG_WARN_UNREACHABLE_CODE = YES;
				CLANG_WARN__DUPLICATE_METHOD_MATCH = YES;
				COPY_PHASE_STRIP = NO;
				DEBUG_INFORMATION_FORMAT = dwarf;
				ENABLE_STRICT_OBJC_MSGSEND = YES;
				ENABLE_TESTABILITY = YES;
				ENABLE_USER_SCRIPT_SANDBOXING = YES;
				GCC_C_LANGUAGE_STANDARD = gnu17;
				GCC_DYNAMIC_NO_PIC = NO;
				GCC_NO_COMMON_BLOCKS = YES;
				GCC_OPTIMIZATION_LEVEL = 0;
				GCC_PREPROCESSOR_DEFINITIONS = (
					"DEBUG=1",
					"$(inherited)",
				);
				GCC_WARN_64_TO_32_BIT_CONVERSION = YES;
				GCC_WARN_ABOUT_RETURN_TYPE = YES_ERROR;
				GCC_WARN_UNDECLARED_SELECTOR = YES;
				GCC_WARN_UNINITIALIZED_AUTOS = YES_AGGRESSIVE;
				GCC_WARN_UNUSED_FUNCTION = YES;
				GCC_WARN_UNUSED_VARIABLE = YES;
				IPHONEOS_DEPLOYMENT_TARGET = 17.0;
				LOCALIZATION_PREFERS_STRING_CATALOGS = YES;
				MTL_ENABLE_DEBUG_INFO = INCLUDE_SOURCE;
				MTL_FAST_MATH = YES;
				ONLY_ACTIVE_ARCH = YES;
				SDKROOT = iphoneos;
				SWIFT_ACTIVE_COMPILATION_CONDITIONS = "DEBUG $(inherited)";
				SWIFT_OPTIMIZATION_LEVEL = "-Onone";
			};
			name = Debug;
		};
		409DEA302AFBC1D400B87D27 /* Release */ = {
			isa = XCBuildConfiguration;
			buildSettings = {
				ALWAYS_SEARCH_USER_PATHS = NO;
				ASSETCATALOG_COMPILER_GENERATE_SWIFT_ASSET_SYMBOL_EXTENSIONS = YES;
				CLANG_ANALYZER_NONNULL = YES;
				CLANG_ANALYZER_NUMBER_OBJECT_CONVERSION = YES_AGGRESSIVE;
				CLANG_CXX_LANGUAGE_STANDARD = "gnu++20";
				CLANG_ENABLE_MODULES = YES;
				CLANG_ENABLE_OBJC_ARC = YES;
				CLANG_ENABLE_OBJC_WEAK = YES;
				CLANG_WARN_BLOCK_CAPTURE_AUTORELEASING = YES;
				CLANG_WARN_BOOL_CONVERSION = YES;
				CLANG_WARN_COMMA = YES;
				CLANG_WARN_CONSTANT_CONVERSION = YES;
				CLANG_WARN_DEPRECATED_OBJC_IMPLEMENTATIONS = YES;
				CLANG_WARN_DIRECT_OBJC_ISA_USAGE = YES_ERROR;
				CLANG_WARN_DOCUMENTATION_COMMENTS = YES;
				CLANG_WARN_EMPTY_BODY = YES;
				CLANG_WARN_ENUM_CONVERSION = YES;
				CLANG_WARN_INFINITE_RECURSION = YES;
				CLANG_WARN_INT_CONVERSION = YES;
				CLANG_WARN_NON_LITERAL_NULL_CONVERSION = YES;
				CLANG_WARN_OBJC_IMPLICIT_RETAIN_SELF = YES;
				CLANG_WARN_OBJC_LITERAL_CONVERSION = YES;
				CLANG_WARN_OBJC_ROOT_CLASS = YES_ERROR;
				CLANG_WARN_QUOTED_INCLUDE_IN_FRAMEWORK_HEADER = YES;
				CLANG_WARN_RANGE_LOOP_ANALYSIS = YES;
				CLANG_WARN_STRICT_PROTOTYPES = YES;
				CLANG_WARN_SUSPICIOUS_MOVE = YES;
				CLANG_WARN_UNGUARDED_AVAILABILITY = YES_AGGRESSIVE;
				CLANG_WARN_UNREACHABLE_CODE = YES;
				CLANG_WARN__DUPLICATE_METHOD_MATCH = YES;
				COPY_PHASE_STRIP = NO;
				DEBUG_INFORMATION_FORMAT = "dwarf-with-dsym";
				ENABLE_NS_ASSERTIONS = NO;
				ENABLE_STRICT_OBJC_MSGSEND = YES;
				ENABLE_USER_SCRIPT_SANDBOXING = YES;
				GCC_C_LANGUAGE_STANDARD = gnu17;
				GCC_NO_COMMON_BLOCKS = YES;
				GCC_WARN_64_TO_32_BIT_CONVERSION = YES;
				GCC_WARN_ABOUT_RETURN_TYPE = YES_ERROR;
				GCC_WARN_UNDECLARED_SELECTOR = YES;
				GCC_WARN_UNINITIALIZED_AUTOS = YES_AGGRESSIVE;
				GCC_WARN_UNUSED_FUNCTION = YES;
				GCC_WARN_UNUSED_VARIABLE = YES;
				IPHONEOS_DEPLOYMENT_TARGET = 17.0;
				LOCALIZATION_PREFERS_STRING_CATALOGS = YES;
				MTL_ENABLE_DEBUG_INFO = NO;
				MTL_FAST_MATH = YES;
				SDKROOT = iphoneos;
				SWIFT_COMPILATION_MODE = wholemodule;
				VALIDATE_PRODUCT = YES;
			};
			name = Release;
		};
		409DEA322AFBC1D400B87D27 /* Debug */ = {
			isa = XCBuildConfiguration;
			buildSettings = {
				ASSETCATALOG_COMPILER_APPICON_NAME = AppIcon;
				ASSETCATALOG_COMPILER_GLOBAL_ACCENT_COLOR_NAME = AccentColor;
				CODE_SIGN_STYLE = Automatic;
				CURRENT_PROJECT_VERSION = 1;
				GENERATE_INFOPLIST_FILE = YES;
				INFOPLIST_FILE = appNotifica/Info.plist;
				INFOPLIST_KEY_UIApplicationSupportsIndirectInputEvents = YES;
				INFOPLIST_KEY_UILaunchStoryboardName = LaunchScreen;
				INFOPLIST_KEY_UIMainStoryboardFile = Main;
				INFOPLIST_KEY_UISupportedInterfaceOrientations_iPad = "UIInterfaceOrientationPortrait UIInterfaceOrientationPortraitUpsideDown UIInterfaceOrientationLandscapeLeft UIInterfaceOrientationLandscapeRight";
				INFOPLIST_KEY_UISupportedInterfaceOrientations_iPhone = "UIInterfaceOrientationPortrait UIInterfaceOrientationLandscapeLeft UIInterfaceOrientationLandscapeRight";
				LD_RUNPATH_SEARCH_PATHS = (
					"$(inherited)",
					"@executable_path/Frameworks",
				);
				MARKETING_VERSION = 1.0;
				PRODUCT_BUNDLE_IDENTIFIER = victor.appNotifica;
				PRODUCT_NAME = "$(TARGET_NAME)";
				SWIFT_EMIT_LOC_STRINGS = YES;
				SWIFT_VERSION = 5.0;
				TARGETED_DEVICE_FAMILY = "1,2";
			};
			name = Debug;
		};
		409DEA332AFBC1D400B87D27 /* Release */ = {
			isa = XCBuildConfiguration;
			buildSettings = {
				ASSETCATALOG_COMPILER_APPICON_NAME = AppIcon;
				ASSETCATALOG_COMPILER_GLOBAL_ACCENT_COLOR_NAME = AccentColor;
				CODE_SIGN_STYLE = Automatic;
				CURRENT_PROJECT_VERSION = 1;
				GENERATE_INFOPLIST_FILE = YES;
				INFOPLIST_FILE = appNotifica/Info.plist;
				INFOPLIST_KEY_UIApplicationSupportsIndirectInputEvents = YES;
				INFOPLIST_KEY_UILaunchStoryboardName = LaunchScreen;
				INFOPLIST_KEY_UIMainStoryboardFile = Main;
				INFOPLIST_KEY_UISupportedInterfaceOrientations_iPad = "UIInterfaceOrientationPortrait UIInterfaceOrientationPortraitUpsideDown UIInterfaceOrientationLandscapeLeft UIInterfaceOrientationLandscapeRight";
				INFOPLIST_KEY_UISupportedInterfaceOrientations_iPhone = "UIInterfaceOrientationPortrait UIInterfaceOrientationLandscapeLeft UIInterfaceOrientationLandscapeRight";
				LD_RUNPATH_SEARCH_PATHS = (
					"$(inherited)",
					"@executable_path/Frameworks",
				);
				MARKETING_VERSION = 1.0;
				PRODUCT_BUNDLE_IDENTIFIER = victor.appNotifica;
				PRODUCT_NAME = "$(TARGET_NAME)";
				SWIFT_EMIT_LOC_STRINGS = YES;
				SWIFT_VERSION = 5.0;
				TARGETED_DEVICE_FAMILY = "1,2";
			};
			name = Release;
		};
/* End XCBuildConfiguration section */

/* Begin XCConfigurationList section */
		409DEA182AFBC1D200B87D27 /* Build configuration list for PBXProject "appNotifica" */ = {
			isa = XCConfigurationList;
			buildConfigurations = (
				409DEA2F2AFBC1D400B87D27 /* Debug */,
				409DEA302AFBC1D400B87D27 /* Release */,
			);
			defaultConfigurationIsVisible = 0;
			defaultConfigurationName = Release;
		};
		409DEA312AFBC1D400B87D27 /* Build configuration list for PBXNativeTarget "appNotifica" */ = {
			isa = XCConfigurationList;
			buildConfigurations = (
				409DEA322AFBC1D400B87D27 /* Debug */,
				409DEA332AFBC1D400B87D27 /* Release */,
			);
			defaultConfigurationIsVisible = 0;
			defaultConfigurationName = Release;
		};
/* End XCConfigurationList section */
	};
	rootObject = 409DEA152AFBC1D200B87D27 /* Project object */;
}
